
Microsoft Visual Studio Solution File, Format Version 12.00
# Visual Studio 15
VisualStudioVersion = 15.0.28307.1062
MinimumVisualStudioVersion = 10.0.40219.1
Project("{FAE04EC0-301F-11D3-BF4B-00C04F79EFBC}") = "KeyspaceCalc", "KeyspaceCalc\KeyspaceCalc.csproj", "{5E691EA7-B06F-463C-ADE9-E70B6E49BB62}"
EndProject
Global
	GlobalSection(SolutionConfigurationPlatforms) = preSolution
		Debug|Any CPU = Debug|Any CPU
		Release|Any CPU = Release|Any CPU
	EndGlobalSection
	GlobalSection(ProjectConfigurationPlatforms) = postSolution
		{5E691EA7-B06F-463C-ADE9-E70B6E49BB62}.Debug|Any CPU.ActiveCfg = Debug|Any CPU
		{5E691EA7-B06F-463C-ADE9-E70B6E49BB62}.Debug|Any CPU.Build.0 = Debug|Any CPU
		{5E691EA7-B06F-463C-ADE9-E70B6E49BB62}.Release|Any CPU.ActiveCfg = Release|Any CPU
		{5E691EA7-B06F-463C-ADE9-E70B6E49BB62}.Release|Any CPU.Build.0 = Release|Any CPU
	EndGlobalSection
	GlobalSection(SolutionProperties) = preSolution
		HideSolutionNode = FALSE
	EndGlobalSection
	GlobalSection(ExtensibilityGlobals) = postSolution
		SolutionGuid = {ED75D7BF-8F20-4069-BB6F-0B23D4976BB9}
	EndGlobalSection
EndGlobal
